
Microsoft Visual Studio Solution File, Format Version 12.00
# Visual Studio 15
Project("{FAE04EC0-301F-11D3-BF4B-00C04F79EFBC}") = "Unity.XR.PICO", "Unity.XR.PICO.csproj", "{E77ED1C5-6E40-A95E-B495-B24F3C7D6BFC}"
EndProject
Project("{FAE04EC0-301F-11D3-BF4B-00C04F79EFBC}") = "Pico.Spatializer.Example", "Pico.Spatializer.Example.csproj", "{B0B296D1-96AB-C565-E7BA-47696F17DD70}"
EndProject
Project("{FAE04EC0-301F-11D3-BF4B-00C04F79EFBC}") = "PICO.Platform", "PICO.Platform.csproj", "{1645C145-13FA-1B28-4227-B9487BB86ABB}"
EndProject
Project("{FAE04EC0-301F-11D3-BF4B-00C04F79EFBC}") = "Pico.Spatializer", "Pico.Spatializer.csproj", "{947FF0FC-E520-2517-8B75-977410ABE8A1}"
EndProject
Project("{FAE04EC0-301F-11D3-BF4B-00C04F79EFBC}") = "Unity.XR.Interaction.Toolkit.Samples.StarterAssets", "Unity.XR.Interaction.Toolkit.Samples.StarterAssets.csproj", "{F41500CF-19C7-5917-09E5-B2B14B28B236}"
EndProject
Project("{FAE04EC0-301F-11D3-BF4B-00C04F79EFBC}") = "PICO.TobSupport", "PICO.TobSupport.csproj", "{7EA69F06-705D-0840-55B4-29E192F57DBC}"
EndProject
Project("{FAE04EC0-301F-11D3-BF4B-00C04F79EFBC}") = "Unity.XR.Interaction.Toolkit.Samples.DeviceSimulator", "Unity.XR.Interaction.Toolkit.Samples.DeviceSimulator.csproj", "{AFDBABC3-7B6F-DE66-4077-A7893E91F6D5}"
EndProject
Project("{FAE04EC0-301F-11D3-BF4B-00C04F79EFBC}") = "Unity.XR.Interaction.Toolkit.Samples.ARStarterAssets", "Unity.XR.Interaction.Toolkit.Samples.ARStarterAssets.csproj", "{6C63B0A8-F571-2666-647D-CA6A3A9C564B}"
EndProject
Project("{FAE04EC0-301F-11D3-BF4B-00C04F79EFBC}") = "Unity.XR.PICO.Editor", "Unity.XR.PICO.Editor.csproj", "{BA90F1C9-DA2F-675A-4428-24A4672BB2AD}"
EndProject
Project("{FAE04EC0-301F-11D3-BF4B-00C04F79EFBC}") = "PICO.Platform.Editor", "PICO.Platform.Editor.csproj", "{963F1601-7B47-30E6-6899-3BF34D01544B}"
EndProject
Project("{FAE04EC0-301F-11D3-BF4B-00C04F79EFBC}") = "Pico.Spatializer.Editor", "Pico.Spatializer.Editor.csproj", "{2ACC48D8-5A77-D249-81B0-91BB19059BD4}"
EndProject
Project("{FAE04EC0-301F-11D3-BF4B-00C04F79EFBC}") = "Unity.XR.Interaction.Toolkit.Samples.StarterAssets.Editor", "Unity.XR.Interaction.Toolkit.Samples.StarterAssets.Editor.csproj", "{C119307F-ED6A-3EBA-8082-B46CACCC5A2B}"
EndProject
Project("{FAE04EC0-301F-11D3-BF4B-00C04F79EFBC}") = "Unity.XR.Interaction.Toolkit.Samples.ARStarterAssets.Editor", "Unity.XR.Interaction.Toolkit.Samples.ARStarterAssets.Editor.csproj", "{62BA0570-8690-D085-DDD9-E26B0B8B8EDF}"
EndProject
Global
	GlobalSection(SolutionConfigurationPlatforms) = preSolution
		Debug|Any CPU = Debug|Any CPU
		Release|Any CPU = Release|Any CPU
	EndGlobalSection
	GlobalSection(ProjectConfigurationPlatforms) = postSolution
		{E77ED1C5-6E40-A95E-B495-B24F3C7D6BFC}.Debug|Any CPU.ActiveCfg = Debug|Any CPU
		{E77ED1C5-6E40-A95E-B495-B24F3C7D6BFC}.Debug|Any CPU.Build.0 = Debug|Any CPU
		{E77ED1C5-6E40-A95E-B495-B24F3C7D6BFC}.Release|Any CPU.ActiveCfg = Release|Any CPU
		{E77ED1C5-6E40-A95E-B495-B24F3C7D6BFC}.Release|Any CPU.Build.0 = Release|Any CPU
		{B0B296D1-96AB-C565-E7BA-47696F17DD70}.Debug|Any CPU.ActiveCfg = Debug|Any CPU
		{B0B296D1-96AB-C565-E7BA-47696F17DD70}.Debug|Any CPU.Build.0 = Debug|Any CPU
		{B0B296D1-96AB-C565-E7BA-47696F17DD70}.Release|Any CPU.ActiveCfg = Release|Any CPU
		{B0B296D1-96AB-C565-E7BA-47696F17DD70}.Release|Any CPU.Build.0 = Release|Any CPU
		{1645C145-13FA-1B28-4227-B9487BB86ABB}.Debug|Any CPU.ActiveCfg = Debug|Any CPU
		{1645C145-13FA-1B28-4227-B9487BB86ABB}.Debug|Any CPU.Build.0 = Debug|Any CPU
		{1645C145-13FA-1B28-4227-B9487BB86ABB}.Release|Any CPU.ActiveCfg = Release|Any CPU
		{1645C145-13FA-1B28-4227-B9487BB86ABB}.Release|Any CPU.Build.0 = Release|Any CPU
		{947FF0FC-E520-2517-8B75-977410ABE8A1}.Debug|Any CPU.ActiveCfg = Debug|Any CPU
		{947FF0FC-E520-2517-8B75-977410ABE8A1}.Debug|Any CPU.Build.0 = Debug|Any CPU
		{947FF0FC-E520-2517-8B75-977410ABE8A1}.Release|Any CPU.ActiveCfg = Release|Any CPU
		{947FF0FC-E520-2517-8B75-977410ABE8A1}.Release|Any CPU.Build.0 = Release|Any CPU
		{F41500CF-19C7-5917-09E5-B2B14B28B236}.Debug|Any CPU.ActiveCfg = Debug|Any CPU
		{F41500CF-19C7-5917-09E5-B2B14B28B236}.Debug|Any CPU.Build.0 = Debug|Any CPU
		{F41500CF-19C7-5917-09E5-B2B14B28B236}.Release|Any CPU.ActiveCfg = Release|Any CPU
		{F41500CF-19C7-5917-09E5-B2B14B28B236}.Release|Any CPU.Build.0 = Release|Any CPU
		{7EA69F06-705D-0840-55B4-29E192F57DBC}.Debug|Any CPU.ActiveCfg = Debug|Any CPU
		{7EA69F06-705D-0840-55B4-29E192F57DBC}.Debug|Any CPU.Build.0 = Debug|Any CPU
		{7EA69F06-705D-0840-55B4-29E192F57DBC}.Release|Any CPU.ActiveCfg = Release|Any CPU
		{7EA69F06-705D-0840-55B4-29E192F57DBC}.Release|Any CPU.Build.0 = Release|Any CPU
		{AFDBABC3-7B6F-DE66-4077-A7893E91F6D5}.Debug|Any CPU.ActiveCfg = Debug|Any CPU
		{AFDBABC3-7B6F-DE66-4077-A7893E91F6D5}.Debug|Any CPU.Build.0 = Debug|Any CPU
		{AFDBABC3-7B6F-DE66-4077-A7893E91F6D5}.Release|Any CPU.ActiveCfg = Release|Any CPU
		{AFDBABC3-7B6F-DE66-4077-A7893E91F6D5}.Release|Any CPU.Build.0 = Release|Any CPU
		{6C63B0A8-F571-2666-647D-CA6A3A9C564B}.Debug|Any CPU.ActiveCfg = Debug|Any CPU
		{6C63B0A8-F571-2666-647D-CA6A3A9C564B}.Debug|Any CPU.Build.0 = Debug|Any CPU
		{6C63B0A8-F571-2666-647D-CA6A3A9C564B}.Release|Any CPU.ActiveCfg = Release|Any CPU
		{6C63B0A8-F571-2666-647D-CA6A3A9C564B}.Release|Any CPU.Build.0 = Release|Any CPU
		{BA90F1C9-DA2F-675A-4428-24A4672BB2AD}.Debug|Any CPU.ActiveCfg = Debug|Any CPU
		{BA90F1C9-DA2F-675A-4428-24A4672BB2AD}.Debug|Any CPU.Build.0 = Debug|Any CPU
		{BA90F1C9-DA2F-675A-4428-24A4672BB2AD}.Release|Any CPU.ActiveCfg = Release|Any CPU
		{BA90F1C9-DA2F-675A-4428-24A4672BB2AD}.Release|Any CPU.Build.0 = Release|Any CPU
		{963F1601-7B47-30E6-6899-3BF34D01544B}.Debug|Any CPU.ActiveCfg = Debug|Any CPU
		{963F1601-7B47-30E6-6899-3BF34D01544B}.Debug|Any CPU.Build.0 = Debug|Any CPU
		{963F1601-7B47-30E6-6899-3BF34D01544B}.Release|Any CPU.ActiveCfg = Release|Any CPU
		{963F1601-7B47-30E6-6899-3BF34D01544B}.Release|Any CPU.Build.0 = Release|Any CPU
		{2ACC48D8-5A77-D249-81B0-91BB19059BD4}.Debug|Any CPU.ActiveCfg = Debug|Any CPU
		{2ACC48D8-5A77-D249-81B0-91BB19059BD4}.Debug|Any CPU.Build.0 = Debug|Any CPU
		{2ACC48D8-5A77-D249-81B0-91BB19059BD4}.Release|Any CPU.ActiveCfg = Release|Any CPU
		{2ACC48D8-5A77-D249-81B0-91BB19059BD4}.Release|Any CPU.Build.0 = Release|Any CPU
		{C119307F-ED6A-3EBA-8082-B46CACCC5A2B}.Debug|Any CPU.ActiveCfg = Debug|Any CPU
		{C119307F-ED6A-3EBA-8082-B46CACCC5A2B}.Debug|Any CPU.Build.0 = Debug|Any CPU
		{C119307F-ED6A-3EBA-8082-B46CACCC5A2B}.Release|Any CPU.ActiveCfg = Release|Any CPU
		{C119307F-ED6A-3EBA-8082-B46CACCC5A2B}.Release|Any CPU.Build.0 = Release|Any CPU
		{62BA0570-8690-D085-DDD9-E26B0B8B8EDF}.Debug|Any CPU.ActiveCfg = Debug|Any CPU
		{62BA0570-8690-D085-DDD9-E26B0B8B8EDF}.Debug|Any CPU.Build.0 = Debug|Any CPU
		{62BA0570-8690-D085-DDD9-E26B0B8B8EDF}.Release|Any CPU.ActiveCfg = Release|Any CPU
		{62BA0570-8690-D085-DDD9-E26B0B8B8EDF}.Release|Any CPU.Build.0 = Release|Any CPU
	EndGlobalSection
	GlobalSection(SolutionProperties) = preSolution
		HideSolutionNode = FALSE
	EndGlobalSection
EndGlobal
